<Solution>
  <Configurations>
    <Platform Name="x64" />
    <Platform Name="Any CPU" />
  </Configurations>
  <Project Path="ChordLaunchpad/ChordLaunchpad.csproj">
    <Platform Project="x64" />
  </Project>
  <Project Path="ChordLaunchpad.Tests/ChordLaunchpad.Tests.csproj">
    <Build Solution="*|Any CPU" Project="false" />
    <Platform Solution="*|x64" Project="x64" />
  </Project>
  <Project Path="ChordLaunchpad.Launcher/ChordLaunchpad.Launcher.csproj">
    <Platform Project="x64" />
  </Project>
</Solution>
